
Microsoft Visual Studio Solution File, Format Version 12.00
# Visual Studio Version 16
VisualStudioVersion = 16.0.30204.135
MinimumVisualStudioVersion = 10.0.40219.1
Project("{FAE04EC0-301F-11D3-BF4B-00C04F79EFBC}") = "ScreenOrientation", "ScreenOrientation\ScreenOrientation.csproj", "{2A1B6C30-A956-42DA-A8CD-8A4DE06CDB48}"
EndProject
Project("{2150E333-8FDC-42A3-9474-1A3956D46DE8}") = "Solution Items", "Solution Items", "{E7EF7117-1222-4635-8DC6-D001611D7C78}"
	ProjectSection(SolutionItems) = preProject
		.editorconfig = .editorconfig
	EndProjectSection
EndProject
Global
	GlobalSection(SolutionConfigurationPlatforms) = preSolution
		Debug|Any CPU = Debug|Any CPU
		Release|Any CPU = Release|Any CPU
	EndGlobalSection
	GlobalSection(ProjectConfigurationPlatforms) = postSolution
		{2A1B6C30-A956-42DA-A8CD-8A4DE06CDB48}.Debug|Any CPU.ActiveCfg = Debug|Any CPU
		{2A1B6C30-A956-42DA-A8CD-8A4DE06CDB48}.Debug|Any CPU.Build.0 = Debug|Any CPU
		{2A1B6C30-A956-42DA-A8CD-8A4DE06CDB48}.Release|Any CPU.ActiveCfg = Release|Any CPU
		{2A1B6C30-A956-42DA-A8CD-8A4DE06CDB48}.Release|Any CPU.Build.0 = Release|Any CPU
	EndGlobalSection
	GlobalSection(SolutionProperties) = preSolution
		HideSolutionNode = FALSE
	EndGlobalSection
	GlobalSection(ExtensibilityGlobals) = postSolution
		SolutionGuid = {F544C6C1-8177-45FF-B16B-02B060872E05}
	EndGlobalSection
EndGlobal
